
Microsoft Visual Studio Solution File, Format Version 12.00
# Visual Studio Version 17
VisualStudioVersion = 17.10.35013.160
MinimumVisualStudioVersion = 10.0.40219.1
Project("{FAE04EC0-301F-11D3-BF4B-00C04F79EFBC}") = "window", "window\window.csproj", "{8F317922-C666-4A82-957C-BEAE724B39A7}"
EndProject
Project("{FAE04EC0-301F-11D3-BF4B-00C04F79EFBC}") = "mysql", "mysql\mysql.csproj", "{F5D71D1A-8DC3-481F-A17A-0BC84BE53ADA}"
EndProject
Global
	GlobalSection(SolutionConfigurationPlatforms) = preSolution
		Debug|Any CPU = Debug|Any CPU
		Release|Any CPU = Release|Any CPU
	EndGlobalSection
	GlobalSection(ProjectConfigurationPlatforms) = postSolution
		{8F317922-C666-4A82-957C-BEAE724B39A7}.Debug|Any CPU.ActiveCfg = Debug|Any CPU
		{8F317922-C666-4A82-957C-BEAE724B39A7}.Debug|Any CPU.Build.0 = Debug|Any CPU
		{8F317922-C666-4A82-957C-BEAE724B39A7}.Release|Any CPU.ActiveCfg = Release|Any CPU
		{8F317922-C666-4A82-957C-BEAE724B39A7}.Release|Any CPU.Build.0 = Release|Any CPU
		{F5D71D1A-8DC3-481F-A17A-0BC84BE53ADA}.Debug|Any CPU.ActiveCfg = Debug|Any CPU
		{F5D71D1A-8DC3-481F-A17A-0BC84BE53ADA}.Debug|Any CPU.Build.0 = Debug|Any CPU
		{F5D71D1A-8DC3-481F-A17A-0BC84BE53ADA}.Release|Any CPU.ActiveCfg = Release|Any CPU
		{F5D71D1A-8DC3-481F-A17A-0BC84BE53ADA}.Release|Any CPU.Build.0 = Release|Any CPU
	EndGlobalSection
	GlobalSection(SolutionProperties) = preSolution
		HideSolutionNode = FALSE
	EndGlobalSection
	GlobalSection(ExtensibilityGlobals) = postSolution
		SolutionGuid = {09A49E0F-6C5A-426C-9CA9-B13445C953C6}
	EndGlobalSection
EndGlobal
